
Microsoft Visual Studio Solution File, Format Version 12.00
# Visual Studio Version 17
VisualStudioVersion = 17.3.32901.215
MinimumVisualStudioVersion = 10.0.40219.1
Project("{9A19103F-16F7-4668-BE54-9A1E7A4F7556}") = "RequestAndDelivery", "RequestAndDelivery\RequestAndDelivery.csproj", "{B49E835D-161D-4C17-860C-FF933F7A2F07}"
EndProject
Project("{FAE04EC0-301F-11D3-BF4B-00C04F79EFBC}") = "WinFormsApp1", "WinFormsApp1\WinFormsApp1.csproj", "{A8B635C5-9290-4BB1-8E0A-5B20FF17EF7F}"
EndProject
Global
	GlobalSection(SolutionConfigurationPlatforms) = preSolution
		Debug|Any CPU = Debug|Any CPU
		Release|Any CPU = Release|Any CPU
	EndGlobalSection
	GlobalSection(ProjectConfigurationPlatforms) = postSolution
		{B49E835D-161D-4C17-860C-FF933F7A2F07}.Debug|Any CPU.ActiveCfg = Debug|Any CPU
		{B49E835D-161D-4C17-860C-FF933F7A2F07}.Debug|Any CPU.Build.0 = Debug|Any CPU
		{B49E835D-161D-4C17-860C-FF933F7A2F07}.Release|Any CPU.ActiveCfg = Release|Any CPU
		{B49E835D-161D-4C17-860C-FF933F7A2F07}.Release|Any CPU.Build.0 = Release|Any CPU
		{A8B635C5-9290-4BB1-8E0A-5B20FF17EF7F}.Debug|Any CPU.ActiveCfg = Debug|Any CPU
		{A8B635C5-9290-4BB1-8E0A-5B20FF17EF7F}.Debug|Any CPU.Build.0 = Debug|Any CPU
		{A8B635C5-9290-4BB1-8E0A-5B20FF17EF7F}.Release|Any CPU.ActiveCfg = Release|Any CPU
		{A8B635C5-9290-4BB1-8E0A-5B20FF17EF7F}.Release|Any CPU.Build.0 = Release|Any CPU
	EndGlobalSection
	GlobalSection(SolutionProperties) = preSolution
		HideSolutionNode = FALSE
	EndGlobalSection
	GlobalSection(ExtensibilityGlobals) = postSolution
		SolutionGuid = {ED953182-D245-4BBD-8FE4-B77940AC21AF}
	EndGlobalSection
EndGlobal
